
Microsoft Visual Studio Solution File, Format Version 12.00
# Visual Studio Version 17
VisualStudioVersion = 17.14.36109.1
MinimumVisualStudioVersion = 10.0.40219.1
Project("{FAE04EC0-301F-11D3-BF4B-00C04F79EFBC}") = "CoffeeBean", "TombolaTest\CoffeeBean.csproj", "{65FA18FD-D854-4A8E-BB89-4CD74BD7622F}"
EndProject
Project("{FAE04EC0-301F-11D3-BF4B-00C04F79EFBC}") = "CoffeeBeanTest", "CoffeeBeanTest\CoffeeBeanTest.csproj", "{77A0566A-ADE4-4C8A-B257-6582689FF412}"
EndProject
Global
	GlobalSection(SolutionConfigurationPlatforms) = preSolution
		Debug|Any CPU = Debug|Any CPU
		Release|Any CPU = Release|Any CPU
	EndGlobalSection
	GlobalSection(ProjectConfigurationPlatforms) = postSolution
		{65FA18FD-D854-4A8E-BB89-4CD74BD7622F}.Debug|Any CPU.ActiveCfg = Debug|Any CPU
		{65FA18FD-D854-4A8E-BB89-4CD74BD7622F}.Debug|Any CPU.Build.0 = Debug|Any CPU
		{65FA18FD-D854-4A8E-BB89-4CD74BD7622F}.Release|Any CPU.ActiveCfg = Release|Any CPU
		{65FA18FD-D854-4A8E-BB89-4CD74BD7622F}.Release|Any CPU.Build.0 = Release|Any CPU
		{77A0566A-ADE4-4C8A-B257-6582689FF412}.Debug|Any CPU.ActiveCfg = Debug|Any CPU
		{77A0566A-ADE4-4C8A-B257-6582689FF412}.Debug|Any CPU.Build.0 = Debug|Any CPU
		{77A0566A-ADE4-4C8A-B257-6582689FF412}.Release|Any CPU.ActiveCfg = Release|Any CPU
		{77A0566A-ADE4-4C8A-B257-6582689FF412}.Release|Any CPU.Build.0 = Release|Any CPU
	EndGlobalSection
	GlobalSection(SolutionProperties) = preSolution
		HideSolutionNode = FALSE
	EndGlobalSection
	GlobalSection(ExtensibilityGlobals) = postSolution
		SolutionGuid = {BF04615D-85F4-476B-A174-4E9C3FE0629E}
	EndGlobalSection
EndGlobal
